
Microsoft Visual Studio Solution File, Format Version 12.00
# Visual Studio Version 17
VisualStudioVersion = 17.8.34330.188
MinimumVisualStudioVersion = 10.0.40219.1
Project("{FAE04EC0-301F-11D3-BF4B-00C04F79EFBC}") = "CityMönchof", "CityMönchof\CityMönchof.csproj", "{84921EF5-58B1-4856-80CB-9D3C3D504B7C}"
EndProject
Project("{FAE04EC0-301F-11D3-BF4B-00C04F79EFBC}") = "CityMünchen", "UnicodeNames\CityMünchen.csproj", "{4542DFC7-6314-4F63-95CC-05AB22B351E2}"
EndProject
Project("{FAE04EC0-301F-11D3-BF4B-00C04F79EFBC}") = "CityMünchhausen", "CityMünchhausen\CityMünchhausen.csproj", "{8DC34776-5D3F-41CF-9DFB-BF8221783DD5}"
EndProject
Global
	GlobalSection(SolutionConfigurationPlatforms) = preSolution
		Debug|Any CPU = Debug|Any CPU
		Release|Any CPU = Release|Any CPU
	EndGlobalSection
	GlobalSection(ProjectConfigurationPlatforms) = postSolution
		{84921EF5-58B1-4856-80CB-9D3C3D504B7C}.Debug|Any CPU.ActiveCfg = Debug|Any CPU
		{84921EF5-58B1-4856-80CB-9D3C3D504B7C}.Debug|Any CPU.Build.0 = Debug|Any CPU
		{84921EF5-58B1-4856-80CB-9D3C3D504B7C}.Release|Any CPU.ActiveCfg = Release|Any CPU
		{84921EF5-58B1-4856-80CB-9D3C3D504B7C}.Release|Any CPU.Build.0 = Release|Any CPU
		{4542DFC7-6314-4F63-95CC-05AB22B351E2}.Debug|Any CPU.ActiveCfg = Debug|Any CPU
		{4542DFC7-6314-4F63-95CC-05AB22B351E2}.Debug|Any CPU.Build.0 = Debug|Any CPU
		{4542DFC7-6314-4F63-95CC-05AB22B351E2}.Release|Any CPU.ActiveCfg = Release|Any CPU
		{4542DFC7-6314-4F63-95CC-05AB22B351E2}.Release|Any CPU.Build.0 = Release|Any CPU
		{8DC34776-5D3F-41CF-9DFB-BF8221783DD5}.Debug|Any CPU.ActiveCfg = Debug|Any CPU
		{8DC34776-5D3F-41CF-9DFB-BF8221783DD5}.Debug|Any CPU.Build.0 = Debug|Any CPU
		{8DC34776-5D3F-41CF-9DFB-BF8221783DD5}.Release|Any CPU.ActiveCfg = Release|Any CPU
		{8DC34776-5D3F-41CF-9DFB-BF8221783DD5}.Release|Any CPU.Build.0 = Release|Any CPU
	EndGlobalSection
	GlobalSection(SolutionProperties) = preSolution
		HideSolutionNode = FALSE
	EndGlobalSection
	GlobalSection(ExtensibilityGlobals) = postSolution
		SolutionGuid = {35269B7C-EB80-457E-B3D5-F074CA567F4F}
	EndGlobalSection
EndGlobal
